{
  "pins" : [
    {
      "identity" : "blueecc",
      "kind" : "remoteSourceControl",
      "location" : "https://github.com/niscy-eudiw/BlueECC.git",
      "state" : {
        "revision" : "15e525cfff2da9b7429285346248e2c67ba0bd12",
        "version" : "1.2.4"
      }
    },
    {
      "identity" : "chronometer",
      "kind" : "remoteSourceControl",
      "location" : "https://github.com/KittyMac/Chronometer.git",
      "state" : {
        "revision" : "d21b89e5cb5929b5175bdb3ad710a52cbf497eaa",
        "version" : "0.1.12"
      }
    },
    {
      "identity" : "eudi-lib-ios-iso18013-data-model",
      "kind" : "remoteSourceControl",
      "location" : "https://github.com/eu-digital-identity-wallet/eudi-lib-ios-iso18013-data-model.git",
      "state" : {
        "revision" : "907e5dbdb58fcaf4916507a8fcfff7a79cbd0efd",
        "version" : "0.3.0"
      }
    },
    {
      "identity" : "eudi-lib-ios-iso18013-data-transfer",
      "kind" : "remoteSourceControl",
      "location" : "https://github.com/eu-digital-identity-wallet/eudi-lib-ios-iso18013-data-transfer.git",
      "state" : {
        "revision" : "380ebcf5e054adf651580faf7cd627052ef3de12",
        "version" : "0.3.0"
      }
    },
    {
      "identity" : "eudi-lib-ios-iso18013-security",
      "kind" : "remoteSourceControl",
      "location" : "https://github.com/eu-digital-identity-wallet/eudi-lib-ios-iso18013-security.git",
      "state" : {
        "revision" : "8b77e16221f169b5a5de7e81342411c15e46cf37",
        "version" : "0.2.3"
      }
    },
    {
      "identity" : "eudi-lib-ios-openid4vci-swift",
      "kind" : "remoteSourceControl",
      "location" : "https://github.com/eu-digital-identity-wallet/eudi-lib-ios-openid4vci-swift.git",
      "state" : {
        "revision" : "134b1ef6878e1ca8afa8ab92d18af29f84baa862",
        "version" : "0.4.4"
      }
    },
    {
      "identity" : "eudi-lib-ios-presentation-exchange-swift",
      "kind" : "remoteSourceControl",
      "location" : "https://github.com/eu-digital-identity-wallet/eudi-lib-ios-presentation-exchange-swift.git",
      "state" : {
        "revision" : "2c5486e3c3e38dab5018445af545677b62e9a712",
        "version" : "0.0.43"
      }
    },
    {
      "identity" : "eudi-lib-ios-siop-openid4vp-swift",
      "kind" : "remoteSourceControl",
      "location" : "https://github.com/eu-digital-identity-wallet/eudi-lib-ios-siop-openid4vp-swift.git",
      "state" : {
        "revision" : "894b2de7ee21affbb065522f3d3ea6467b963797",
        "version" : "0.3.4"
      }
    },
    {
      "identity" : "eudi-lib-ios-wallet-storage",
      "kind" : "remoteSourceControl",
      "location" : "https://github.com/eu-digital-identity-wallet/eudi-lib-ios-wallet-storage.git",
      "state" : {
        "revision" : "28acebc69454b6c2377f344af73d778daf805e34",
        "version" : "0.2.6"
      }
    },
    {
      "identity" : "hitch",
      "kind" : "remoteSourceControl",
      "location" : "https://github.com/KittyMac/Hitch.git",
      "state" : {
        "revision" : "328211598c24f356fccbcb5451cc48e21071a963",
        "version" : "0.4.139"
      }
    },
    {
      "identity" : "joseswift",
      "kind" : "remoteSourceControl",
      "location" : "https://github.com/niscy-eudiw/JOSESwift.git",
      "state" : {
        "revision" : "518cedba79ef18867191811b161471298b6cb7c8",
        "version" : "2.4.1-gcm"
      }
    },
    {
      "identity" : "jsonschema.swift",
      "kind" : "remoteSourceControl",
      "location" : "https://github.com/kylef/JSONSchema.swift",
      "state" : {
        "revision" : "d14de4b2d9205068c9db89c00d097ca43c897000",
        "version" : "0.6.0"
      }
    },
    {
      "identity" : "pathkit",
      "kind" : "remoteSourceControl",
      "location" : "https://github.com/kylef/PathKit.git",
      "state" : {
        "revision" : "3bfd2737b700b9a36565a8c94f4ad2b050a5e574",
        "version" : "1.0.1"
      }
    },
    {
      "identity" : "sextant",
      "kind" : "remoteSourceControl",
      "location" : "https://github.com/KittyMac/Sextant.git",
      "state" : {
        "revision" : "52a77d0bce0210cf9557faef7fd0adb9a6da02fb",
        "version" : "0.4.31"
      }
    },
    {
      "identity" : "spanker",
      "kind" : "remoteSourceControl",
      "location" : "https://github.com/KittyMac/Spanker.git",
      "state" : {
        "revision" : "96e58f68274a2e6f370fff153ceb5674a06936c4",
        "version" : "0.2.47"
      }
    },
    {
      "identity" : "spectre",
      "kind" : "remoteSourceControl",
      "location" : "https://github.com/kylef/Spectre.git",
      "state" : {
        "revision" : "26cc5e9ae0947092c7139ef7ba612e34646086c7",
        "version" : "0.10.1"
      }
    },
    {
      "identity" : "swift-asn1",
      "kind" : "remoteSourceControl",
      "location" : "https://github.com/apple/swift-asn1.git",
      "state" : {
        "revision" : "c7e239b5c1492ffc3ebd7fbcc7a92548ce4e78f0",
        "version" : "1.1.0"
      }
    },
    {
      "identity" : "swift-certificates",
      "kind" : "remoteSourceControl",
      "location" : "https://github.com/apple/swift-certificates.git",
      "state" : {
        "revision" : "4688f242811d21a9c7a8ad669b3bc5b336759929",
        "version" : "1.4.0"
      }
    },
    {
      "identity" : "swift-collections",
      "kind" : "remoteSourceControl",
      "location" : "https://github.com/apple/swift-collections.git",
      "state" : {
        "revision" : "3d2dc41a01f9e49d84f0a3925fb858bed64f702d",
        "version" : "1.1.2"
      }
    },
    {
      "identity" : "swift-crypto",
      "kind" : "remoteSourceControl",
      "location" : "https://github.com/apple/swift-crypto.git",
      "state" : {
        "revision" : "46072478ca365fe48370993833cb22de9b41567f",
        "version" : "3.5.2"
      }
    },
    {
      "identity" : "swift-log",
      "kind" : "remoteSourceControl",
      "location" : "https://github.com/apple/swift-log.git",
      "state" : {
        "revision" : "9cb486020ebf03bfa5b5df985387a14a98744537",
        "version" : "1.6.1"
      }
    },
    {
      "identity" : "swift-log-file",
      "kind" : "remoteSourceControl",
      "location" : "https://github.com/crspybits/swift-log-file",
      "state" : {
        "revision" : "aa94b38bf88c7d9cbc87ceafcdffadaffbc2bffa",
        "version" : "0.1.0"
      }
    },
    {
      "identity" : "swiftcbor",
      "kind" : "remoteSourceControl",
      "location" : "https://github.com/niscy-eudiw/SwiftCBOR.git",
      "state" : {
        "revision" : "310dbc3975a5653237fed304d88a6dd59d04dd30",
        "version" : "0.5.7"
      }
    },
    {
      "identity" : "swiftyjson",
      "kind" : "remoteSourceControl",
      "location" : "https://github.com/SwiftyJSON/SwiftyJSON.git",
      "state" : {
        "revision" : "2b6054efa051565954e1d2b9da831680026cd768",
        "version" : "4.3.0"
      }
    },
    {
      "identity" : "xcglogger",
      "kind" : "remoteSourceControl",
      "location" : "https://github.com/DaveWoodCom/XCGLogger.git",
      "state" : {
        "revision" : "4def3c1c772ca90ad5e7bfc8ac437c3b0b4276cf",
        "version" : "7.1.5"
      }
    }
  ],
  "version" : 2
}
